<?xml version="1.0" encoding="utf-8"?>
<Project ToolsVersion="4.0" xmlns="http://schemas.microsoft.com/developer/msbuild/2003">
  <ItemGroup>
    <Filter Include="Source Files">
      <UniqueIdentifier>{4FC737F1-C7A5-4376-A066-2A32D752A2FF}</UniqueIdentifier>
      <Extensions>cpp;c;cc;cxx;def;odl;idl;hpj;bat;asm;asmx</Extensions>
    </Filter>
    <Filter Include="Header Files">
      <UniqueIdentifier>{93995380-89BD-4b04-88EB-625FBE52EBFB}</UniqueIdentifier>
      <Extensions>h;hpp;hxx;hm;inl;inc</Extensions>
    </Filter>
    <Filter Include="Resource Files">
      <UniqueIdentifier>{67DA6AB6-F800-4c08-8B7A-83BB121AAD01}</UniqueIdentifier>
      <Extensions>rc;ico;cur;bmp;dlg;rc2;rct;bin;rgs;gif;jpg;jpeg;jpe;resx;tiff;tif;png;wav</Extensions>
    </Filter>
    <Filter Include="Schema Files">
      <UniqueIdentifier>{B4613DD0-97F9-48d0-97B6-4426D0160127}</UniqueIdentifier>
      <Extensions>xsd</Extensions>
    </Filter>
  </ItemGroup>
  <ItemGroup>
    <ClCompile Include="dllmain.cpp">
      <Filter>Source Files</Filter>
    </ClCompile>
    <ClCompile Include="Schema\LandXML-1.2.cxx">
      <Filter>Source Files</Filter>
    </ClCompile>
    <ClCompile Include="Schema\OpenBridgeML.cxx">
      <Filter>Source Files</Filter>
    </ClCompile>
    <ClCompile Include="Schema\OpenBridgeML_Alignments.cxx">
      <Filter>Source Files</Filter>
    </ClCompile>
    <ClCompile Include="Schema\OpenBridgeML_Framing.cxx">
      <Filter>Source Files</Filter>
    </ClCompile>
    <ClCompile Include="Schema\OpenBridgeML_Geometry.cxx">
      <Filter>Source Files</Filter>
    </ClCompile>
    <ClCompile Include="Schema\OpenBridgeML_Pier.cxx">
      <Filter>Source Files</Filter>
    </ClCompile>
    <ClCompile Include="Schema\OpenBridgeML_StandardReinforcement.cxx">
      <Filter>Source Files</Filter>
    </ClCompile>
    <ClCompile Include="Schema\OpenBridgeML_Types.cxx">
      <Filter>Source Files</Filter>
    </ClCompile>
    <ClCompile Include="Schema\OpenBridgeML_Units.cxx">
      <Filter>Source Files</Filter>
    </ClCompile>
    <ClCompile Include="stdafx.cpp">
      <Filter>Source Files</Filter>
    </ClCompile>
  </ItemGroup>
  <ItemGroup>
    <ClInclude Include="Include\ExportSymbols.h">
      <Filter>Header Files</Filter>
    </ClInclude>
    <ClInclude Include="Schema\LandXML-1.2.hxx">
      <Filter>Header Files</Filter>
    </ClInclude>
    <ClInclude Include="Schema\OpenBridgeML.hxx">
      <Filter>Header Files</Filter>
    </ClInclude>
    <ClInclude Include="Schema\OpenBridgeML_Alignments.hxx">
      <Filter>Header Files</Filter>
    </ClInclude>
    <ClInclude Include="Schema\OpenBridgeML_Framing.hxx">
      <Filter>Header Files</Filter>
    </ClInclude>
    <ClInclude Include="Schema\OpenBridgeML_Geometry.hxx">
      <Filter>Header Files</Filter>
    </ClInclude>
    <ClInclude Include="Schema\OpenBridgeML_Pier.hxx">
      <Filter>Header Files</Filter>
    </ClInclude>
    <ClInclude Include="Schema\OpenBridgeML_StandardReinforcement.hxx">
      <Filter>Header Files</Filter>
    </ClInclude>
    <ClInclude Include="Schema\OpenBridgeML_Types.hxx">
      <Filter>Header Files</Filter>
    </ClInclude>
    <ClInclude Include="Schema\OpenBridgeML_Units.hxx">
      <Filter>Header Files</Filter>
    </ClInclude>
    <ClInclude Include="resource.h">
      <Filter>Header Files</Filter>
    </ClInclude>
    <ClInclude Include="stdafx.h">
      <Filter>Header Files</Filter>
    </ClInclude>
    <ClInclude Include="targetver.h">
      <Filter>Header Files</Filter>
    </ClInclude>
    <ClInclude Include="Include\OBMLAutoLib.h">
      <Filter>Header Files</Filter>
    </ClInclude>
  </ItemGroup>
  <ItemGroup>
    <ResourceCompile Include="OpenBridgeML.rc">
      <Filter>Resource Files</Filter>
    </ResourceCompile>
  </ItemGroup>
  <ItemGroup>
    <CXX_Tree_Mapping_Rule Include="Schema\LandXML-1.2.xsd">
      <Filter>Schema Files</Filter>
    </CXX_Tree_Mapping_Rule>
    <CXX_Tree_Mapping_Rule Include="Schema\OpenBridgeML.xsd">
      <Filter>Schema Files</Filter>
    </CXX_Tree_Mapping_Rule>
    <CXX_Tree_Mapping_Rule Include="Schema\OpenBridgeML_Alignments.xsd">
      <Filter>Schema Files</Filter>
    </CXX_Tree_Mapping_Rule>
    <CXX_Tree_Mapping_Rule Include="Schema\OpenBridgeML_Framing.xsd">
      <Filter>Schema Files</Filter>
    </CXX_Tree_Mapping_Rule>
    <CXX_Tree_Mapping_Rule Include="Schema\OpenBridgeML_Geometry.xsd">
      <Filter>Schema Files</Filter>
    </CXX_Tree_Mapping_Rule>
    <CXX_Tree_Mapping_Rule Include="Schema\OpenBridgeML_Pier.xsd">
      <Filter>Schema Files</Filter>
    </CXX_Tree_Mapping_Rule>
    <CXX_Tree_Mapping_Rule Include="Schema\OpenBridgeML_StandardReinforcement.xsd">
      <Filter>Schema Files</Filter>
    </CXX_Tree_Mapping_Rule>
    <CXX_Tree_Mapping_Rule Include="Schema\OpenBridgeML_Types.xsd">
      <Filter>Schema Files</Filter>
    </CXX_Tree_Mapping_Rule>
    <CXX_Tree_Mapping_Rule Include="Schema\OpenBridgeML_Units.xsd">
      <Filter>Schema Files</Filter>
    </CXX_Tree_Mapping_Rule>
  </ItemGroup>
  <ItemGroup>
    <Text Include="ReadMe.txt" />
  </ItemGroup>
</Project>